// !$*UTF8*$!
{
	archiveVersion = 1;
	classes = {
	};
	objectVersion = 50;
	objects = {

/* Begin PBXBuildFile section */
		14E3E64C269FD7F1002C30C4 /* warApp.swift in Sources */ = {isa = PBXBuildFile; fileRef = 14E3E64B269FD7F1002C30C4 /* warApp.swift */; };
		14E3E64E269FD7F1002C30C4 /* ContentView.swift in Sources */ = {isa = PBXBuildFile; fileRef = 14E3E64D269FD7F1002C30C4 /* ContentView.swift */; };
		14E3E650269FD7F6002C30C4 /* Assets.xcassets in Resources */ = {isa = PBXBuildFile; fileRef = 14E3E64F269FD7F6002C30C4 /* Assets.xcassets */; };
		14E3E653269FD7F6002C30C4 /* Preview Assets.xcassets in Resources */ = {isa = PBXBuildFile; fileRef = 14E3E652269FD7F6002C30C4 /* Preview Assets.xcassets */; };
		14E3E65E269FD7F7002C30C4 /* warTests.swift in Sources */ = {isa = PBXBuildFile; fileRef = 14E3E65D269FD7F7002C30C4 /* warTests.swift */; };
		14E3E669269FD7F7002C30C4 /* warUITests.swift in Sources */ = {isa = PBXBuildFile; fileRef = 14E3E668269FD7F7002C30C4 /* warUITests.swift */; };
/* End PBXBuildFile section */

/* Begin PBXContainerItemProxy section */
		14E3E65A269FD7F7002C30C4 /* PBXContainerItemProxy */ = {
			isa = PBXContainerItemProxy;
			containerPortal = 14E3E640269FD7F1002C30C4 /* Project object */;
			proxyType = 1;
			remoteGlobalIDString = 14E3E647269FD7F1002C30C4;
			remoteInfo = war;
		};
		14E3E665269FD7F7002C30C4 /* PBXContainerItemProxy */ = {
			isa = PBXContainerItemProxy;
			containerPortal = 14E3E640269FD7F1002C30C4 /* Project object */;
			proxyType = 1;
			remoteGlobalIDString = 14E3E647269FD7F1002C30C4;
			remoteInfo = war;
		};
/* End PBXContainerItemProxy section */

/* Begin PBXFileReference section */
		14E3E648269FD7F1002C30C4 /* war.app */ = {isa = PBXFileReference; explicitFileType = wrapper.application; includeInIndex = 0; path = war.app; sourceTree = BUILT_PRODUCTS_DIR; };
		14E3E64B269FD7F1002C30C4 /* warApp.swift */ = {isa = PBXFileReference; lastKnownFileType = sourcecode.swift; path = warApp.swift; sourceTree = "<group>"; };
		14E3E64D269FD7F1002C30C4 /* ContentView.swift */ = {isa = PBXFileReference; lastKnownFileType = sourcecode.swift; path = ContentView.swift; sourceTree = "<group>"; };
		14E3E64F269FD7F6002C30C4 /* Assets.xcassets */ = {isa = PBXFileReference; lastKnownFileType = folder.assetcatalog; path = Assets.xcassets; sourceTree = "<group>"; };
		14E3E652269FD7F6002C30C4 /* Preview Assets.xcassets */ = {isa = PBXFileReference; lastKnownFileType = folder.assetcatalog; path = "Preview Assets.xcassets"; sourceTree = "<group>"; };
		14E3E654269FD7F6002C30C4 /* Info.plist */ = {isa = PBXFileReference; lastKnownFileType = text.plist.xml; path = Info.plist; sourceTree = "<group>"; };
		14E3E659269FD7F7002C30C4 /* warTests.xctest */ = {isa = PBXFileReference; explicitFileType = wrapper.cfbundle; includeInIndex = 0; path = warTests.xctest; sourceTree = BUILT_PRODUCTS_DIR; };
		14E3E65D269FD7F7002C30C4 /* warTests.swift */ = {isa = PBXFileReference; lastKnownFileType = sourcecode.swift; path = warTests.swift; sourceTree = "<group>"; };
		14E3E65F269FD7F7002C30C4 /* Info.plist */ = {isa = PBXFileReference; lastKnownFileType = text.plist.xml; path = Info.plist; sourceTree = "<group>"; };
		14E3E664269FD7F7002C30C4 /* warUITests.xctest */ = {isa = PBXFileReference; explicitFileType = wrapper.cfbundle; includeInIndex = 0; path = warUITests.xctest; sourceTree = BUILT_PRODUCTS_DIR; };
		14E3E668269FD7F7002C30C4 /* warUITests.swift */ = {isa = PBXFileReference; lastKnownFileType = sourcecode.swift; path = warUITests.swift; sourceTree = "<group>"; };
		14E3E66A269FD7F7002C30C4 /* Info.plist */ = {isa = PBXFileReference; lastKnownFileType = text.plist.xml; path = Info.plist; sourceTree = "<group>"; };
/* End PBXFileReference section */

/* Begin PBXFrameworksBuildPhase section */
		14E3E645269FD7F1002C30C4 /* Frameworks */ = {
			isa = PBXFrameworksBuildPhase;
			buildActionMask = 2147483647;
			files = (
			);
			runOnlyForDeploymentPostprocessing = 0;
		};
		14E3E656269FD7F7002C30C4 /* Frameworks */ = {
			isa = PBXFrameworksBuildPhase;
			buildActionMask = 2147483647;
			files = (
			);
			runOnlyForDeploymentPostprocessing = 0;
		};
		14E3E661269FD7F7002C30C4 /* Frameworks */ = {
			isa = PBXFrameworksBuildPhase;
			buildActionMask = 2147483647;
			files = (
			);
			runOnlyForDeploymentPostprocessing = 0;
		};
/* End PBXFrameworksBuildPhase section */

/* Begin PBXGroup section */
		14E3E63F269FD7F1002C30C4 = {
			isa = PBXGroup;
			children = (
				14E3E64A269FD7F1002C30C4 /* war */,
				14E3E65C269FD7F7002C30C4 /* warTests */,
				14E3E667269FD7F7002C30C4 /* warUITests */,
				14E3E649269FD7F1002C30C4 /* Products */,
			);
			sourceTree = "<group>";
		};
		14E3E649269FD7F1002C30C4 /* Products */ = {
			isa = PBXGroup;
			children = (
				14E3E648269FD7F1002C30C4 /* war.app */,
				14E3E659269FD7F7002C30C4 /* warTests.xctest */,
				14E3E664269FD7F7002C30C4 /* warUITests.xctest */,
			);
			name = Products;
			sourceTree = "<group>";
		};
		14E3E64A269FD7F1002C30C4 /* war */ = {
			isa = PBXGroup;
			children = (
				14E3E64B269FD7F1002C30C4 /* warApp.swift */,
				14E3E64D269FD7F1002C30C4 /* ContentView.swift */,
				14E3E64F269FD7F6002C30C4 /* Assets.xcassets */,
				14E3E654269FD7F6002C30C4 /* Info.plist */,
				14E3E651269FD7F6002C30C4 /* Preview Content */,
			);
			path = war;
			sourceTree = "<group>";
		};
		14E3E651269FD7F6002C30C4 /* Preview Content */ = {
			isa = PBXGroup;
			children = (
				14E3E652269FD7F6002C30C4 /* Preview Assets.xcassets */,
			);
			path = "Preview Content";
			sourceTree = "<group>";
		};
		14E3E65C269FD7F7002C30C4 /* warTests */ = {
			isa = PBXGroup;
			children = (
				14E3E65D269FD7F7002C30C4 /* warTests.swift */,
				14E3E65F269FD7F7002C30C4 /* Info.plist */,
			);
			path = warTests;
			sourceTree = "<group>";
		};
		14E3E667269FD7F7002C30C4 /* warUITests */ = {
			isa = PBXGroup;
			children = (
				14E3E668269FD7F7002C30C4 /* warUITests.swift */,
				14E3E66A269FD7F7002C30C4 /* Info.plist */,
			);
			path = warUITests;
			sourceTree = "<group>";
		};
/* End PBXGroup section */

/* Begin PBXNativeTarget section */
		14E3E647269FD7F1002C30C4 /* war */ = {
			isa = PBXNativeTarget;
			buildConfigurationList = 14E3E66D269FD7F7002C30C4 /* Build configuration list for PBXNativeTarget "war" */;
			buildPhases = (
				14E3E644269FD7F1002C30C4 /* Sources */,
				14E3E645269FD7F1002C30C4 /* Frameworks */,
				14E3E646269FD7F1002C30C4 /* Resources */,
			);
			buildRules = (
			);
			dependencies = (
			);
			name = war;
			productName = war;
			productReference = 14E3E648269FD7F1002C30C4 /* war.app */;
			productType = "com.apple.product-type.application";
		};
		14E3E658269FD7F7002C30C4 /* warTests */ = {
			isa = PBXNativeTarget;
			buildConfigurationList = 14E3E670269FD7F7002C30C4 /* Build configuration list for PBXNativeTarget "warTests" */;
			buildPhases = (
				14E3E655269FD7F7002C30C4 /* Sources */,
				14E3E656269FD7F7002C30C4 /* Frameworks */,
				14E3E657269FD7F7002C30C4 /* Resources */,
			);
			buildRules = (
			);
			dependencies = (
				14E3E65B269FD7F7002C30C4 /* PBXTargetDependency */,
			);
			name = warTests;
			productName = warTests;
			productReference = 14E3E659269FD7F7002C30C4 /* warTests.xctest */;
			productType = "com.apple.product-type.bundle.unit-test";
		};
		14E3E663269FD7F7002C30C4 /* warUITests */ = {
			isa = PBXNativeTarget;
			buildConfigurationList = 14E3E673269FD7F7002C30C4 /* Build configuration list for PBXNativeTarget "warUITests" */;
			buildPhases = (
				14E3E660269FD7F7002C30C4 /* Sources */,
				14E3E661269FD7F7002C30C4 /* Frameworks */,
				14E3E662269FD7F7002C30C4 /* Resources */,
			);
			buildRules = (
			);
			dependencies = (
				14E3E666269FD7F7002C30C4 /* PBXTargetDependency */,
			);
			name = warUITests;
			productName = warUITests;
			productReference = 14E3E664269FD7F7002C30C4 /* warUITests.xctest */;
			productType = "com.apple.product-type.bundle.ui-testing";
		};
/* End PBXNativeTarget section */

/* Begin PBXProject section */
		14E3E640269FD7F1002C30C4 /* Project object */ = {
			isa = PBXProject;
			attributes = {
				LastSwiftUpdateCheck = 1250;
				LastUpgradeCheck = 1250;
				TargetAttributes = {
					14E3E647269FD7F1002C30C4 = {
						CreatedOnToolsVersion = 12.5.1;
					};
					14E3E658269FD7F7002C30C4 = {
						CreatedOnToolsVersion = 12.5.1;
						TestTargetID = 14E3E647269FD7F1002C30C4;
					};
					14E3E663269FD7F7002C30C4 = {
						CreatedOnToolsVersion = 12.5.1;
						TestTargetID = 14E3E647269FD7F1002C30C4;
					};
				};
			};
			buildConfigurationList = 14E3E643269FD7F1002C30C4 /* Build configuration list for PBXProject "war" */;
			compatibilityVersion = "Xcode 9.3";
			developmentRegion = en;
			hasScannedForEncodings = 0;
			knownRegions = (
				en,
				Base,
			);
			mainGroup = 14E3E63F269FD7F1002C30C4;
			productRefGroup = 14E3E649269FD7F1002C30C4 /* Products */;
			projectDirPath = "";
			projectRoot = "";
			targets = (
				14E3E647269FD7F1002C30C4 /* war */,
				14E3E658269FD7F7002C30C4 /* warTests */,
				14E3E663269FD7F7002C30C4 /* warUITests */,
			);
		};
/* End PBXProject section */

/* Begin PBXResourcesBuildPhase section */
		14E3E646269FD7F1002C30C4 /* Resources */ = {
			isa = PBXResourcesBuildPhase;
			buildActionMask = 2147483647;
			files = (
				14E3E653269FD7F6002C30C4 /* Preview Assets.xcassets in Resources */,
				14E3E650269FD7F6002C30C4 /* Assets.xcassets in Resources */,
			);
			runOnlyForDeploymentPostprocessing = 0;
		};
		14E3E657269FD7F7002C30C4 /* Resources */ = {
			isa = PBXResourcesBuildPhase;
			buildActionMask = 2147483647;
			files = (
			);
			runOnlyForDeploymentPostprocessing = 0;
		};
		14E3E662269FD7F7002C30C4 /* Resources */ = {
			isa = PBXResourcesBuildPhase;
			buildActionMask = 2147483647;
			files = (
			);
			runOnlyForDeploymentPostprocessing = 0;
		};
/* End PBXResourcesBuildPhase section */

/* Begin PBXSourcesBuildPhase section */
		14E3E644269FD7F1002C30C4 /* Sources */ = {
			isa = PBXSourcesBuildPhase;
			buildActionMask = 2147483647;
			files = (
				14E3E64E269FD7F1002C30C4 /* ContentView.swift in Sources */,
				14E3E64C269FD7F1002C30C4 /* warApp.swift in Sources */,
			);
			runOnlyForDeploymentPostprocessing = 0;
		};
		14E3E655269FD7F7002C30C4 /* Sources */ = {
			isa = PBXSourcesBuildPhase;
			buildActionMask = 2147483647;
			files = (
				14E3E65E269FD7F7002C30C4 /* warTests.swift in Sources */,
			);
			runOnlyForDeploymentPostprocessing = 0;
		};
		14E3E660269FD7F7002C30C4 /* Sources */ = {
			isa = PBXSourcesBuildPhase;
			buildActionMask = 2147483647;
			files = (
				14E3E669269FD7F7002C30C4 /* warUITests.swift in Sources */,
			);
			runOnlyForDeploymentPostprocessing = 0;
		};
/* End PBXSourcesBuildPhase section */

/* Begin PBXTargetDependency section */
		14E3E65B269FD7F7002C30C4 /* PBXTargetDependency */ = {
			isa = PBXTargetDependency;
			target = 14E3E647269FD7F1002C30C4 /* war */;
			targetProxy = 14E3E65A269FD7F7002C30C4 /* PBXContainerItemProxy */;
		};
		14E3E666269FD7F7002C30C4 /* PBXTargetDependency */ = {
			isa = PBXTargetDependency;
			target = 14E3E647269FD7F1002C30C4 /* war */;
			targetProxy = 14E3E665269FD7F7002C30C4 /* PBXContainerItemProxy */;
		};
/* End PBXTargetDependency section */

/* Begin XCBuildConfiguration section */
		14E3E66B269FD7F7002C30C4 /* Debug */ = {
			isa = XCBuildConfiguration;
			buildSettings = {
				ALWAYS_SEARCH_USER_PATHS = NO;
				CLANG_ANALYZER_NONNULL = YES;
				CLANG_ANALYZER_NUMBER_OBJECT_CONVERSION = YES_AGGRESSIVE;
				CLANG_CXX_LANGUAGE_STANDARD = "gnu++14";
				CLANG_CXX_LIBRARY = "libc++";
				CLANG_ENABLE_MODULES = YES;
				CLANG_ENABLE_OBJC_ARC = YES;
				CLANG_ENABLE_OBJC_WEAK = YES;
				CLANG_WARN_BLOCK_CAPTURE_AUTORELEASING = YES;
				CLANG_WARN_BOOL_CONVERSION = YES;
				CLANG_WARN_COMMA = YES;
				CLANG_WARN_CONSTANT_CONVERSION = YES;
				CLANG_WARN_DEPRECATED_OBJC_IMPLEMENTATIONS = YES;
				CLANG_WARN_DIRECT_OBJC_ISA_USAGE = YES_ERROR;
				CLANG_WARN_DOCUMENTATION_COMMENTS = YES;
				CLANG_WARN_EMPTY_BODY = YES;
				CLANG_WARN_ENUM_CONVERSION = YES;
				CLANG_WARN_INFINITE_RECURSION = YES;
				CLANG_WARN_INT_CONVERSION = YES;
				CLANG_WARN_NON_LITERAL_NULL_CONVERSION = YES;
				CLANG_WARN_OBJC_IMPLICIT_RETAIN_SELF = YES;
				CLANG_WARN_OBJC_LITERAL_CONVERSION = YES;
				CLANG_WARN_OBJC_ROOT_CLASS = YES_ERROR;
				CLANG_WARN_QUOTED_INCLUDE_IN_FRAMEWORK_HEADER = YES;
				CLANG_WARN_RANGE_LOOP_ANALYSIS = YES;
				CLANG_WARN_STRICT_PROTOTYPES = YES;
				CLANG_WARN_SUSPICIOUS_MOVE = YES;
				CLANG_WARN_UNGUARDED_AVAILABILITY = YES_AGGRESSIVE;
				CLANG_WARN_UNREACHABLE_CODE = YES;
				CLANG_WARN__DUPLICATE_METHOD_MATCH = YES;
				COPY_PHASE_STRIP = NO;
				DEBUG_INFORMATION_FORMAT = dwarf;
				ENABLE_STRICT_OBJC_MSGSEND = YES;
				ENABLE_TESTABILITY = YES;
				GCC_C_LANGUAGE_STANDARD = gnu11;
				GCC_DYNAMIC_NO_PIC = NO;
				GCC_NO_COMMON_BLOCKS = YES;
				GCC_OPTIMIZATION_LEVEL = 0;
				GCC_PREPROCESSOR_DEFINITIONS = (
					"DEBUG=1",
					"$(inherited)",
				);
				GCC_WARN_64_TO_32_BIT_CONVERSION = YES;
				GCC_WARN_ABOUT_RETURN_TYPE = YES_ERROR;
				GCC_WARN_UNDECLARED_SELECTOR = YES;
				GCC_WARN_UNINITIALIZED_AUTOS = YES_AGGRESSIVE;
				GCC_WARN_UNUSED_FUNCTION = YES;
				GCC_WARN_UNUSED_VARIABLE = YES;
				IPHONEOS_DEPLOYMENT_TARGET = 14.5;
				MTL_ENABLE_DEBUG_INFO = INCLUDE_SOURCE;
				MTL_FAST_MATH = YES;
				ONLY_ACTIVE_ARCH = YES;
				SDKROOT = iphoneos;
				SWIFT_ACTIVE_COMPILATION_CONDITIONS = DEBUG;
				SWIFT_OPTIMIZATION_LEVEL = "-Onone";
			};
			name = Debug;
		};
		14E3E66C269FD7F7002C30C4 /* Release */ = {
			isa = XCBuildConfiguration;
			buildSettings = {
				ALWAYS_SEARCH_USER_PATHS = NO;
				CLANG_ANALYZER_NONNULL = YES;
				CLANG_ANALYZER_NUMBER_OBJECT_CONVERSION = YES_AGGRESSIVE;
				CLANG_CXX_LANGUAGE_STANDARD = "gnu++14";
				CLANG_CXX_LIBRARY = "libc++";
				CLANG_ENABLE_MODULES = YES;
				CLANG_ENABLE_OBJC_ARC = YES;
				CLANG_ENABLE_OBJC_WEAK = YES;
				CLANG_WARN_BLOCK_CAPTURE_AUTORELEASING = YES;
				CLANG_WARN_BOOL_CONVERSION = YES;
				CLANG_WARN_COMMA = YES;
				CLANG_WARN_CONSTANT_CONVERSION = YES;
				CLANG_WARN_DEPRECATED_OBJC_IMPLEMENTATIONS = YES;
				CLANG_WARN_DIRECT_OBJC_ISA_USAGE = YES_ERROR;
				CLANG_WARN_DOCUMENTATION_COMMENTS = YES;
				CLANG_WARN_EMPTY_BODY = YES;
				CLANG_WARN_ENUM_CONVERSION = YES;
				CLANG_WARN_INFINITE_RECURSION = YES;
				CLANG_WARN_INT_CONVERSION = YES;
				CLANG_WARN_NON_LITERAL_NULL_CONVERSION = YES;
				CLANG_WARN_OBJC_IMPLICIT_RETAIN_SELF = YES;
				CLANG_WARN_OBJC_LITERAL_CONVERSION = YES;
				CLANG_WARN_OBJC_ROOT_CLASS = YES_ERROR;
				CLANG_WARN_QUOTED_INCLUDE_IN_FRAMEWORK_HEADER = YES;
				CLANG_WARN_RANGE_LOOP_ANALYSIS = YES;
				CLANG_WARN_STRICT_PROTOTYPES = YES;
				CLANG_WARN_SUSPICIOUS_MOVE = YES;
				CLANG_WARN_UNGUARDED_AVAILABILITY = YES_AGGRESSIVE;
				CLANG_WARN_UNREACHABLE_CODE = YES;
				CLANG_WARN__DUPLICATE_METHOD_MATCH = YES;
				COPY_PHASE_STRIP = NO;
				DEBUG_INFORMATION_FORMAT = "dwarf-with-dsym";
				ENABLE_NS_ASSERTIONS = NO;
				ENABLE_STRICT_OBJC_MSGSEND = YES;
				GCC_C_LANGUAGE_STANDARD = gnu11;
				GCC_NO_COMMON_BLOCKS = YES;
				GCC_WARN_64_TO_32_BIT_CONVERSION = YES;
				GCC_WARN_ABOUT_RETURN_TYPE = YES_ERROR;
				GCC_WARN_UNDECLARED_SELECTOR = YES;
				GCC_WARN_UNINITIALIZED_AUTOS = YES_AGGRESSIVE;
				GCC_WARN_UNUSED_FUNCTION = YES;
				GCC_WARN_UNUSED_VARIABLE = YES;
				IPHONEOS_DEPLOYMENT_TARGET = 14.5;
				MTL_ENABLE_DEBUG_INFO = NO;
				MTL_FAST_MATH = YES;
				SDKROOT = iphoneos;
				SWIFT_COMPILATION_MODE = wholemodule;
				SWIFT_OPTIMIZATION_LEVEL = "-O";
				VALIDATE_PRODUCT = YES;
			};
			name = Release;
		};
		14E3E66E269FD7F7002C30C4 /* Debug */ = {
			isa = XCBuildConfiguration;
			buildSettings = {
				ASSETCATALOG_COMPILER_APPICON_NAME = AppIcon;
				ASSETCATALOG_COMPILER_GLOBAL_ACCENT_COLOR_NAME = AccentColor;
				CODE_SIGN_STYLE = Automatic;
				DEVELOPMENT_ASSET_PATHS = "\"war/Preview Content\"";
				ENABLE_PREVIEWS = YES;
				INFOPLIST_FILE = war/Info.plist;
				IPHONEOS_DEPLOYMENT_TARGET = 14.0;
				LD_RUNPATH_SEARCH_PATHS = (
					"$(inherited)",
					"@executable_path/Frameworks",
				);
				PRODUCT_BUNDLE_IDENTIFIER = Cyclone.war;
				PRODUCT_NAME = "$(TARGET_NAME)";
				SWIFT_VERSION = 5.0;
				TARGETED_DEVICE_FAMILY = "1,2";
			};
			name = Debug;
		};
		14E3E66F269FD7F7002C30C4 /* Release */ = {
			isa = XCBuildConfiguration;
			buildSettings = {
				ASSETCATALOG_COMPILER_APPICON_NAME = AppIcon;
				ASSETCATALOG_COMPILER_GLOBAL_ACCENT_COLOR_NAME = AccentColor;
				CODE_SIGN_STYLE = Automatic;
				DEVELOPMENT_ASSET_PATHS = "\"war/Preview Content\"";
				ENABLE_PREVIEWS = YES;
				INFOPLIST_FILE = war/Info.plist;
				IPHONEOS_DEPLOYMENT_TARGET = 14.0;
				LD_RUNPATH_SEARCH_PATHS = (
					"$(inherited)",
					"@executable_path/Frameworks",
				);
				PRODUCT_BUNDLE_IDENTIFIER = Cyclone.war;
				PRODUCT_NAME = "$(TARGET_NAME)";
				SWIFT_VERSION = 5.0;
				TARGETED_DEVICE_FAMILY = "1,2";
			};
			name = Release;
		};
		14E3E671269FD7F7002C30C4 /* Debug */ = {
			isa = XCBuildConfiguration;
			buildSettings = {
				ALWAYS_EMBED_SWIFT_STANDARD_LIBRARIES = YES;
				BUNDLE_LOADER = "$(TEST_HOST)";
				CODE_SIGN_STYLE = Automatic;
				INFOPLIST_FILE = warTests/Info.plist;
				IPHONEOS_DEPLOYMENT_TARGET = 14.0;
				LD_RUNPATH_SEARCH_PATHS = (
					"$(inherited)",
					"@executable_path/Frameworks",
					"@loader_path/Frameworks",
				);
				PRODUCT_BUNDLE_IDENTIFIER = Cyclone.warTests;
				PRODUCT_NAME = "$(TARGET_NAME)";
				SWIFT_VERSION = 5.0;
				TARGETED_DEVICE_FAMILY = "1,2";
				TEST_HOST = "$(BUILT_PRODUCTS_DIR)/war.app/war";
			};
			name = Debug;
		};
		14E3E672269FD7F7002C30C4 /* Release */ = {
			isa = XCBuildConfiguration;
			buildSettings = {
				ALWAYS_EMBED_SWIFT_STANDARD_LIBRARIES = YES;
				BUNDLE_LOADER = "$(TEST_HOST)";
				CODE_SIGN_STYLE = Automatic;
				INFOPLIST_FILE = warTests/Info.plist;
				IPHONEOS_DEPLOYMENT_TARGET = 14.0;
				LD_RUNPATH_SEARCH_PATHS = (
					"$(inherited)",
					"@executable_path/Frameworks",
					"@loader_path/Frameworks",
				);
				PRODUCT_BUNDLE_IDENTIFIER = Cyclone.warTests;
				PRODUCT_NAME = "$(TARGET_NAME)";
				SWIFT_VERSION = 5.0;
				TARGETED_DEVICE_FAMILY = "1,2";
				TEST_HOST = "$(BUILT_PRODUCTS_DIR)/war.app/war";
			};
			name = Release;
		};
		14E3E674269FD7F7002C30C4 /* Debug */ = {
			isa = XCBuildConfiguration;
			buildSettings = {
				ALWAYS_EMBED_SWIFT_STANDARD_LIBRARIES = YES;
				CODE_SIGN_STYLE = Automatic;
				INFOPLIST_FILE = warUITests/Info.plist;
				LD_RUNPATH_SEARCH_PATHS = (
					"$(inherited)",
					"@executable_path/Frameworks",
					"@loader_path/Frameworks",
				);
				PRODUCT_BUNDLE_IDENTIFIER = Cyclone.warUITests;
				PRODUCT_NAME = "$(TARGET_NAME)";
				SWIFT_VERSION = 5.0;
				TARGETED_DEVICE_FAMILY = "1,2";
				TEST_TARGET_NAME = war;
			};
			name = Debug;
		};
		14E3E675269FD7F7002C30C4 /* Release */ = {
			isa = XCBuildConfiguration;
			buildSettings = {
				ALWAYS_EMBED_SWIFT_STANDARD_LIBRARIES = YES;
				CODE_SIGN_STYLE = Automatic;
				INFOPLIST_FILE = warUITests/Info.plist;
				LD_RUNPATH_SEARCH_PATHS = (
					"$(inherited)",
					"@executable_path/Frameworks",
					"@loader_path/Frameworks",
				);
				PRODUCT_BUNDLE_IDENTIFIER = Cyclone.warUITests;
				PRODUCT_NAME = "$(TARGET_NAME)";
				SWIFT_VERSION = 5.0;
				TARGETED_DEVICE_FAMILY = "1,2";
				TEST_TARGET_NAME = war;
			};
			name = Release;
		};
/* End XCBuildConfiguration section */

/* Begin XCConfigurationList section */
		14E3E643269FD7F1002C30C4 /* Build configuration list for PBXProject "war" */ = {
			isa = XCConfigurationList;
			buildConfigurations = (
				14E3E66B269FD7F7002C30C4 /* Debug */,
				14E3E66C269FD7F7002C30C4 /* Release */,
			);
			defaultConfigurationIsVisible = 0;
			defaultConfigurationName = Release;
		};
		14E3E66D269FD7F7002C30C4 /* Build configuration list for PBXNativeTarget "war" */ = {
			isa = XCConfigurationList;
			buildConfigurations = (
				14E3E66E269FD7F7002C30C4 /* Debug */,
				14E3E66F269FD7F7002C30C4 /* Release */,
			);
			defaultConfigurationIsVisible = 0;
			defaultConfigurationName = Release;
		};
		14E3E670269FD7F7002C30C4 /* Build configuration list for PBXNativeTarget "warTests" */ = {
			isa = XCConfigurationList;
			buildConfigurations = (
				14E3E671269FD7F7002C30C4 /* Debug */,
				14E3E672269FD7F7002C30C4 /* Release */,
			);
			defaultConfigurationIsVisible = 0;
			defaultConfigurationName = Release;
		};
		14E3E673269FD7F7002C30C4 /* Build configuration list for PBXNativeTarget "warUITests" */ = {
			isa = XCConfigurationList;
			buildConfigurations = (
				14E3E674269FD7F7002C30C4 /* Debug */,
				14E3E675269FD7F7002C30C4 /* Release */,
			);
			defaultConfigurationIsVisible = 0;
			defaultConfigurationName = Release;
		};
/* End XCConfigurationList section */
	};
	rootObject = 14E3E640269FD7F1002C30C4 /* Project object */;
}
